
Microsoft Visual Studio Solution File, Format Version 12.00
# Visual Studio Version 17
VisualStudioVersion = 17.0.32014.148
MinimumVisualStudioVersion = 10.0.40219.1
Project("{FAE04EC0-301F-11D3-BF4B-00C04F79EFBC}") = "InventoryMngmtSystem", "InventoryMngmtSystem.csproj", "{D87EEEC5-2350-407B-976D-F108D665195D}"
EndProject
Global
	GlobalSection(SolutionConfigurationPlatforms) = preSolution
		Debug|Any CPU = Debug|Any CPU
		Release|Any CPU = Release|Any CPU
	EndGlobalSection
	GlobalSection(ProjectConfigurationPlatforms) = postSolution
		{D87EEEC5-2350-407B-976D-F108D665195D}.Debug|Any CPU.ActiveCfg = Debug|Any CPU
		{D87EEEC5-2350-407B-976D-F108D665195D}.Debug|Any CPU.Build.0 = Debug|Any CPU
		{D87EEEC5-2350-407B-976D-F108D665195D}.Release|Any CPU.ActiveCfg = Release|Any CPU
		{D87EEEC5-2350-407B-976D-F108D665195D}.Release|Any CPU.Build.0 = Release|Any CPU
	EndGlobalSection
	GlobalSection(SolutionProperties) = preSolution
		HideSolutionNode = FALSE
	EndGlobalSection
	GlobalSection(ExtensibilityGlobals) = postSolution
		SolutionGuid = {DE23FAB1-208A-4005-BDA2-C54862C602E7}
	EndGlobalSection
EndGlobal
